# This file is automatically @generated by Cargo.
# It is not intended for manual editing.
version = 3

[[package]]
name = "addr2line"
version = "0.17.0"
source = "registry+https://github.com/rust-lang/crates.io-index"
checksum = "b9ecd88a8c8378ca913a680cd98f0f13ac67383d35993f86c90a70e3f137816b"
dependencies = [
 "gimli",
]

[[package]]
name = "adler"
version = "1.0.2"
source = "registry+https://github.com/rust-lang/crates.io-index"
checksum = "f26201604c87b1e01bd3d98f8d5d9a8fcbb815e8cedb41ffccbeb4bf593a35fe"

[[package]]
name = "ahash"
version = "0.7.6"
source = "registry+https://github.com/rust-lang/crates.io-index"
checksum = "fcb51a0695d8f838b1ee009b3fbf66bda078cd64590202a864a8f3e8c4315c47"
dependencies = [
 "getrandom",
 "once_cell",
 "version_check",
]

[[package]]
name = "aho-corasick"
version = "0.7.18"
source = "registry+https://github.com/rust-lang/crates.io-index"
checksum = "1e37cfd5e7657ada45f742d6e99ca5788580b5c529dc78faf11ece6dc702656f"
dependencies = [
 "memchr",
]

[[package]]
name = "ambient-authority"
version = "0.0.1"
source = "registry+https://github.com/rust-lang/crates.io-index"
checksum = "ec8ad6edb4840b78c5c3d88de606b22252d552b55f3a4699fbb10fc070ec3049"

[[package]]
name = "anyhow"
version = "1.0.41"
source = "registry+https://github.com/rust-lang/crates.io-index"
checksum = "15af2628f6890fe2609a3b91bef4c83450512802e59489f9c1cb1fa5df064a61"

[[package]]
name = "async-trait"
version = "0.1.56"
source = "registry+https://github.com/rust-lang/crates.io-index"
checksum = "96cf8829f67d2eab0b2dfa42c5d0ef737e0724e4a82b01b3e292456202b19716"
dependencies = [
 "proc-macro2",
 "quote",
 "syn",
]

[[package]]
name = "atty"
version = "0.2.14"
source = "registry+https://github.com/rust-lang/crates.io-index"
checksum = "d9b39be18770d11421cdb1b9947a45dd3f37e93092cbf377614828a319d5fee8"
dependencies = [
 "hermit-abi 0.1.19",
 "libc",
 "winapi",
]

[[package]]
name = "autocfg"
version = "1.1.0"
source = "registry+https://github.com/rust-lang/crates.io-index"
checksum = "d468802bab17cbc0cc575e9b053f41e72aa36bfa6b7f55e3529ffa43161b97fa"

[[package]]
name = "backtrace"
version = "0.3.65"
source = "registry+https://github.com/rust-lang/crates.io-index"
checksum = "11a17d453482a265fd5f8479f2a3f405566e6ca627837aaddb85af8b1ab8ef61"
dependencies = [
 "addr2line",
 "cc",
 "cfg-if",
 "libc",
 "miniz_oxide",
 "object",
 "rustc-demangle",
]

[[package]]
name = "base64"
version = "0.13.0"
source = "registry+https://github.com/rust-lang/crates.io-index"
checksum = "904dfeac50f3cdaba28fc6f57fdcddb75f49ed61346676a78c4ffe55877802fd"

[[package]]
name = "bincode"
version = "1.3.3"
source = "registry+https://github.com/rust-lang/crates.io-index"
checksum = "b1f45e9417d87227c7a56d22e471c6206462cba514c7590c09aff4cf6d1ddcad"
dependencies = [
 "serde",
]

[[package]]
name = "bitflags"
version = "1.2.1"
source = "registry+https://github.com/rust-lang/crates.io-index"
checksum = "cf1de2fe8c75bc145a2f577add951f8134889b4795d47466a54a5c846d691693"

[[package]]
name = "block-buffer"
version = "0.9.0"
source = "registry+https://github.com/rust-lang/crates.io-index"
checksum = "4152116fd6e9dadb291ae18fc1ec3575ed6d84c29642d97890f4b4a3417297e4"
dependencies = [
 "generic-array",
]

[[package]]
name = "bumpalo"
version = "3.10.0"
source = "registry+https://github.com/rust-lang/crates.io-index"
checksum = "37ccbd214614c6783386c1af30caf03192f17891059cecc394b4fb119e363de3"

[[package]]
name = "byteorder"
version = "1.4.3"
source = "registry+https://github.com/rust-lang/crates.io-index"
checksum = "14c189c53d098945499cdfa7ecc63567cf3886b3332b312a5b4585d8d3a6a610"

[[package]]
name = "cap-fs-ext"
version = "0.24.4"
source = "registry+https://github.com/rust-lang/crates.io-index"
checksum = "e54b86398b5852ddd45784b1d9b196b98beb39171821bad4b8b44534a1e87927"
dependencies = [
 "cap-primitives",
 "cap-std",
 "io-lifetimes",
 "winapi",
]

[[package]]
name = "cap-primitives"
version = "0.24.4"
source = "registry+https://github.com/rust-lang/crates.io-index"
checksum = "fb8fca3e81fae1d91a36e9784ca22a39ef623702b5f7904d89dc31f10184a178"
dependencies = [
 "ambient-authority",
 "errno",
 "fs-set-times",
 "io-extras",
 "io-lifetimes",
 "ipnet",
 "maybe-owned",
 "rustix",
 "winapi",
 "winapi-util",
 "winx",
]

[[package]]
name = "cap-rand"
version = "0.24.4"
source = "registry+https://github.com/rust-lang/crates.io-index"
checksum = "ca3b27294116983d706f4c8168f6d10c84f9f5daed0c28bc7d0296cf16bcf971"
dependencies = [
 "ambient-authority",
 "rand",
]

[[package]]
name = "cap-std"
version = "0.24.4"
source = "registry+https://github.com/rust-lang/crates.io-index"
checksum = "2247568946095c7765ad2b441a56caffc08027734c634a6d5edda648f04e32eb"
dependencies = [
 "cap-primitives",
 "io-extras",
 "io-lifetimes",
 "ipnet",
 "rustix",
]

[[package]]
name = "cap-time-ext"
version = "0.24.4"
source = "registry+https://github.com/rust-lang/crates.io-index"
checksum = "c50472b6ebc302af0401fa3fb939694cd8ff00e0d4c9182001e434fc822ab83a"
dependencies = [
 "cap-primitives",
 "once_cell",
 "rustix",
 "winx",
]

[[package]]
name = "cc"
version = "1.0.73"
source = "registry+https://github.com/rust-lang/crates.io-index"
checksum = "2fff2a6927b3bb87f9595d67196a70493f627687a71d87a0d692242c33f58c11"
dependencies = [
 "jobserver",
]

[[package]]
name = "cfg-if"
version = "1.0.0"
source = "registry+https://github.com/rust-lang/crates.io-index"
checksum = "baf1de4339761588bc0619e3cbc0120ee582ebb74b53b4efbf79117bd2da40fd"

[[package]]
name = "cpp_demangle"
version = "0.3.2"
source = "registry+https://github.com/rust-lang/crates.io-index"
checksum = "44919ecaf6f99e8e737bc239408931c9a01e9a6c74814fee8242dd2506b65390"
dependencies = [
 "cfg-if",
 "glob",
]

[[package]]
name = "cpufeatures"
version = "0.1.5"
source = "registry+https://github.com/rust-lang/crates.io-index"
checksum = "66c99696f6c9dd7f35d486b9d04d7e6e202aa3e8c40d553f2fdf5e7e0c6a71ef"
dependencies = [
 "libc",
]

[[package]]
name = "cranelift-bforest"
version = "0.85.1"
source = "registry+https://github.com/rust-lang/crates.io-index"
checksum = "7901fbba05decc537080b07cb3f1cadf53be7b7602ca8255786288a8692ae29a"
dependencies = [
 "cranelift-entity",
]

[[package]]
name = "cranelift-codegen"
version = "0.85.1"
source = "registry+https://github.com/rust-lang/crates.io-index"
checksum = "37ba1b45d243a4a28e12d26cd5f2507da74e77c45927d40de8b6ffbf088b46b5"
dependencies = [
 "cranelift-bforest",
 "cranelift-codegen-meta",
 "cranelift-codegen-shared",
 "cranelift-entity",
 "cranelift-isle",
 "gimli",
 "log",
 "regalloc2",
 "smallvec",
 "target-lexicon",
]

[[package]]
name = "cranelift-codegen-meta"
version = "0.85.1"
source = "registry+https://github.com/rust-lang/crates.io-index"
checksum = "54cc30032171bf230ce22b99c07c3a1de1221cb5375bd6dbe6dbe77d0eed743c"
dependencies = [
 "cranelift-codegen-shared",
]

[[package]]
name = "cranelift-codegen-shared"
version = "0.85.1"
source = "registry+https://github.com/rust-lang/crates.io-index"
checksum = "a23f2672426d2bb4c9c3ef53e023076cfc4d8922f0eeaebaf372c92fae8b5c69"

[[package]]
name = "cranelift-entity"
version = "0.85.1"
source = "registry+https://github.com/rust-lang/crates.io-index"
checksum = "886c59a5e0de1f06dbb7da80db149c75de10d5e2caca07cdd9fef8a5918a6336"
dependencies = [
 "serde",
]

[[package]]
name = "cranelift-frontend"
version = "0.85.1"
source = "registry+https://github.com/rust-lang/crates.io-index"
checksum = "ace74eeca11c439a9d4ed1a5cb9df31a54cd0f7fbddf82c8ce4ea8e9ad2a8fe0"
dependencies = [
 "cranelift-codegen",
 "log",
 "smallvec",
 "target-lexicon",
]

[[package]]
name = "cranelift-isle"
version = "0.85.1"
source = "registry+https://github.com/rust-lang/crates.io-index"
checksum = "db1ae52a5cc2cad0d86fdd3dcb16b7217d2f1e65ab4f5814aa4f014ad335fa43"

[[package]]
name = "cranelift-native"
version = "0.85.1"
source = "registry+https://github.com/rust-lang/crates.io-index"
checksum = "dadcfb7852900780d37102bce5698bcd401736403f07b52e714ff7a180e0e22f"
dependencies = [
 "cranelift-codegen",
 "libc",
 "target-lexicon",
]

[[package]]
name = "cranelift-wasm"
version = "0.85.1"
source = "registry+https://github.com/rust-lang/crates.io-index"
checksum = "c84e3410960389110b88f97776f39f6d2c8becdaa4cd59e390e6b76d9d0e7190"
dependencies = [
 "cranelift-codegen",
 "cranelift-entity",
 "cranelift-frontend",
 "itertools",
 "log",
 "smallvec",
 "wasmparser",
 "wasmtime-types",
]

[[package]]
name = "crc32fast"
version = "1.2.1"
source = "registry+https://github.com/rust-lang/crates.io-index"
checksum = "81156fece84ab6a9f2afdb109ce3ae577e42b1228441eded99bd77f627953b1a"
dependencies = [
 "cfg-if",
]

[[package]]
name = "crossbeam-channel"
version = "0.5.1"
source = "registry+https://github.com/rust-lang/crates.io-index"
checksum = "06ed27e177f16d65f0f0c22a213e17c696ace5dd64b14258b52f9417ccb52db4"
dependencies = [
 "cfg-if",
 "crossbeam-utils",
]

[[package]]
name = "crossbeam-deque"
version = "0.8.0"
source = "registry+https://github.com/rust-lang/crates.io-index"
checksum = "94af6efb46fef72616855b036a624cf27ba656ffc9be1b9a3c931cfc7749a9a9"
dependencies = [
 "cfg-if",
 "crossbeam-epoch",
 "crossbeam-utils",
]

[[package]]
name = "crossbeam-epoch"
version = "0.9.5"
source = "registry+https://github.com/rust-lang/crates.io-index"
checksum = "4ec02e091aa634e2c3ada4a392989e7c3116673ef0ac5b72232439094d73b7fd"
dependencies = [
 "cfg-if",
 "crossbeam-utils",
 "lazy_static",
 "memoffset",
 "scopeguard",
]

[[package]]
name = "crossbeam-utils"
version = "0.8.5"
source = "registry+https://github.com/rust-lang/crates.io-index"
checksum = "d82cfc11ce7f2c3faef78d8a684447b40d503d9681acebed6cb728d45940c4db"
dependencies = [
 "cfg-if",
 "lazy_static",
]

[[package]]
name = "digest"
version = "0.9.0"
source = "registry+https://github.com/rust-lang/crates.io-index"
checksum = "d3dd60d1080a57a05ab032377049e0591415d2b31afd7028356dbf3cc6dcb066"
dependencies = [
 "generic-array",
]

[[package]]
name = "directories-next"
version = "2.0.0"
source = "registry+https://github.com/rust-lang/crates.io-index"
checksum = "339ee130d97a610ea5a5872d2bbb130fdf68884ff09d3028b81bec8a1ac23bbc"
dependencies = [
 "cfg-if",
 "dirs-sys-next",
]

[[package]]
name = "dirs-next"
version = "2.0.0"
source = "registry+https://github.com/rust-lang/crates.io-index"
checksum = "b98cf8ebf19c3d1b223e151f99a4f9f0690dca41414773390fc824184ac833e1"
dependencies = [
 "cfg-if",
 "dirs-sys-next",
]

[[package]]
name = "dirs-sys-next"
version = "0.1.2"
source = "registry+https://github.com/rust-lang/crates.io-index"
checksum = "4ebda144c4fe02d1f7ea1a7d9641b6fc6b580adcfa024ae48797ecdeb6825b4d"
dependencies = [
 "libc",
 "redox_users",
 "winapi",
]

[[package]]
name = "either"
version = "1.6.1"
source = "registry+https://github.com/rust-lang/crates.io-index"
checksum = "e78d4f1cc4ae33bbfc157ed5d5a5ef3bc29227303d595861deb238fcec4e9457"

[[package]]
name = "env_logger"
version = "0.7.1"
source = "registry+https://github.com/rust-lang/crates.io-index"
checksum = "44533bbbb3bb3c1fa17d9f2e4e38bbbaf8396ba82193c4cb1b6445d711445d36"
dependencies = [
 "atty",
 "humantime",
 "log",
 "regex",
 "termcolor",
]

[[package]]
name = "errno"
version = "0.2.8"
source = "registry+https://github.com/rust-lang/crates.io-index"
checksum = "f639046355ee4f37944e44f60642c6f3a7efa3cf6b78c78a0d989a8ce6c396a1"
dependencies = [
 "errno-dragonfly",
 "libc",
 "winapi",
]

[[package]]
name = "errno-dragonfly"
version = "0.1.1"
source = "registry+https://github.com/rust-lang/crates.io-index"
checksum = "14ca354e36190500e1e1fb267c647932382b54053c50b14970856c0b00a35067"
dependencies = [
 "gcc",
 "libc",
]

[[package]]
name = "fallible-iterator"
version = "0.2.0"
source = "registry+https://github.com/rust-lang/crates.io-index"
checksum = "4443176a9f2c162692bd3d352d745ef9413eec5782a80d8fd6f8a1ac692a07f7"

[[package]]
name = "file-per-thread-logger"
version = "0.1.4"
source = "registry+https://github.com/rust-lang/crates.io-index"
checksum = "4fdbe0d94371f9ce939b555dd342d0686cc4c0cadbcd4b61d70af5ff97eb4126"
dependencies = [
 "env_logger",
 "log",
]

[[package]]
name = "fs-set-times"
version = "0.15.0"
source = "registry+https://github.com/rust-lang/crates.io-index"
checksum = "7df62ee66ee2d532ea8d567b5a3f0d03ecd64636b98bad5be1e93dcc918b92aa"
dependencies = [
 "io-lifetimes",
 "rustix",
 "winapi",
]

[[package]]
name = "fxhash"
version = "0.2.1"
source = "registry+https://github.com/rust-lang/crates.io-index"
checksum = "c31b6d751ae2c7f11320402d34e41349dd1016f8d5d45e48c4312bc8625af50c"
dependencies = [
 "byteorder",
]

[[package]]
name = "gcc"
version = "0.3.55"
source = "registry+https://github.com/rust-lang/crates.io-index"
checksum = "8f5f3913fa0bfe7ee1fd8248b6b9f42a5af4b9d65ec2dd2c3c26132b950ecfc2"

[[package]]
name = "generic-array"
version = "0.14.4"
source = "registry+https://github.com/rust-lang/crates.io-index"
checksum = "501466ecc8a30d1d3b7fc9229b122b2ce8ed6e9d9223f1138d4babb253e51817"
dependencies = [
 "typenum",
 "version_check",
]

[[package]]
name = "getrandom"
version = "0.2.3"
source = "registry+https://github.com/rust-lang/crates.io-index"
checksum = "7fcd999463524c52659517fe2cea98493cfe485d10565e7b0fb07dbba7ad2753"
dependencies = [
 "cfg-if",
 "libc",
 "wasi",
]

[[package]]
name = "gimli"
version = "0.26.1"
source = "registry+https://github.com/rust-lang/crates.io-index"
checksum = "78cc372d058dcf6d5ecd98510e7fbc9e5aec4d21de70f65fea8fecebcd881bd4"
dependencies = [
 "fallible-iterator",
 "indexmap",
 "stable_deref_trait",
]

[[package]]
name = "glob"
version = "0.3.0"
source = "registry+https://github.com/rust-lang/crates.io-index"
checksum = "9b919933a397b79c37e33b77bb2aa3dc8eb6e165ad809e58ff75bc7db2e34574"

[[package]]
name = "hashbrown"
version = "0.11.2"
source = "registry+https://github.com/rust-lang/crates.io-index"
checksum = "ab5ef0d4909ef3724cc8cce6ccc8572c5c817592e9285f5464f8e86f8bd3726e"
dependencies = [
 "ahash",
]

[[package]]
name = "hashbrown"
version = "0.12.1"
source = "registry+https://github.com/rust-lang/crates.io-index"
checksum = "db0d4cf898abf0081f964436dc980e96670a0f36863e4b83aaacdb65c9d7ccc3"

[[package]]
name = "heck"
version = "0.4.0"
source = "registry+https://github.com/rust-lang/crates.io-index"
checksum = "2540771e65fc8cb83cd6e8a237f70c319bd5c29f78ed1084ba5d50eeac86f7f9"

[[package]]
name = "hermit-abi"
version = "0.1.19"
source = "registry+https://github.com/rust-lang/crates.io-index"
checksum = "62b467343b94ba476dcb2500d242dadbb39557df889310ac77c5d99100aaac33"
dependencies = [
 "libc",
]

[[package]]
name = "hermit-abi"
version = "0.2.3"
source = "registry+https://github.com/rust-lang/crates.io-index"
checksum = "d37fb7dc756218a0559bfc21e4381f03cbb696cdaf959e7e95e927496f0564cd"
dependencies = [
 "libc",
]

[[package]]
name = "humantime"
version = "1.3.0"
source = "registry+https://github.com/rust-lang/crates.io-index"
checksum = "df004cfca50ef23c36850aaaa59ad52cc70d0e90243c3c7737a4dd32dc7a3c4f"
dependencies = [
 "quick-error",
]

[[package]]
name = "indexmap"
version = "1.9.1"
source = "registry+https://github.com/rust-lang/crates.io-index"
checksum = "10a35a97730320ffe8e2d410b5d3b69279b98d2c14bdb8b70ea89ecf7888d41e"
dependencies = [
 "autocfg",
 "hashbrown 0.12.1",
 "serde",
]

[[package]]
name = "instant"
version = "0.1.12"
source = "registry+https://github.com/rust-lang/crates.io-index"
checksum = "7a5bbe824c507c5da5956355e86a746d82e0e1464f65d862cc5e71da70e94b2c"
dependencies = [
 "cfg-if",
]

[[package]]
name = "io-extras"
version = "0.13.2"
source = "registry+https://github.com/rust-lang/crates.io-index"
checksum = "d0c937cc9891c12eaa8c63ad347e4a288364b1328b924886970b47a14ab8f8f8"
dependencies = [
 "io-lifetimes",
 "winapi",
]

[[package]]
name = "io-lifetimes"
version = "0.5.3"
source = "registry+https://github.com/rust-lang/crates.io-index"
checksum = "ec58677acfea8a15352d42fc87d11d63596ade9239e0a7c9352914417515dbe6"
dependencies = [
 "libc",
 "winapi",
]

[[package]]
name = "ipnet"
version = "2.3.1"
source = "registry+https://github.com/rust-lang/crates.io-index"
checksum = "68f2d64f2edebec4ce84ad108148e67e1064789bee435edc5b60ad398714a3a9"

[[package]]
name = "is-terminal"
version = "0.1.0"
source = "registry+https://github.com/rust-lang/crates.io-index"
checksum = "7c89a757e762896bdbdfadf2860d0f8b0cea5e363d8cf3e7bdfeb63d1d976352"
dependencies = [
 "hermit-abi 0.2.3",
 "io-lifetimes",
 "rustix",
 "winapi",
]

[[package]]
name = "itertools"
version = "0.10.1"
source = "registry+https://github.com/rust-lang/crates.io-index"
checksum = "69ddb889f9d0d08a67338271fa9b62996bc788c7796a5c18cf057420aaed5eaf"
dependencies = [
 "either",
]

[[package]]
name = "itoa"
version = "1.0.2"
source = "registry+https://github.com/rust-lang/crates.io-index"
checksum = "112c678d4050afce233f4f2852bb2eb519230b3cf12f33585275537d7e41578d"

[[package]]
name = "ittapi-rs"
version = "0.2.0"
source = "registry+https://github.com/rust-lang/crates.io-index"
checksum = "f712648a1ad72fbfb7adc2772c331e8d90f022f8cf30cbabefba2878dd3172b0"
dependencies = [
 "cc",
]

[[package]]
name = "jobserver"
version = "0.1.22"
source = "registry+https://github.com/rust-lang/crates.io-index"
checksum = "972f5ae5d1cb9c6ae417789196c803205313edde988685da5e3aae0827b9e7fd"
dependencies = [
 "libc",
]

[[package]]
name = "js-sys"
version = "0.3.58"
source = "registry+https://github.com/rust-lang/crates.io-index"
checksum = "c3fac17f7123a73ca62df411b1bf727ccc805daa070338fda671c86dac1bdc27"
dependencies = [
 "wasm-bindgen",
]

[[package]]
name = "lazy_static"
version = "1.4.0"
source = "registry+https://github.com/rust-lang/crates.io-index"
checksum = "e2abad23fbc42b3700f2f279844dc832adb2b2eb069b2df918f455c4e18cc646"

[[package]]
name = "leb128"
version = "0.2.4"
source = "registry+https://github.com/rust-lang/crates.io-index"
checksum = "3576a87f2ba00f6f106fdfcd16db1d698d648a26ad8e0573cad8537c3c362d2a"

[[package]]
name = "libc"
version = "0.2.126"
source = "registry+https://github.com/rust-lang/crates.io-index"
checksum = "349d5a591cd28b49e1d1037471617a32ddcda5731b99419008085f72d5a53836"

[[package]]
name = "linux-raw-sys"
version = "0.0.42"
source = "registry+https://github.com/rust-lang/crates.io-index"
checksum = "5284f00d480e1c39af34e72f8ad60b94f47007e3481cd3b731c1d67190ddc7b7"

[[package]]
name = "lock_api"
version = "0.4.7"
source = "registry+https://github.com/rust-lang/crates.io-index"
checksum = "327fa5b6a6940e4699ec49a9beae1ea4845c6bab9314e4f84ac68742139d8c53"
dependencies = [
 "autocfg",
 "scopeguard",
]

[[package]]
name = "log"
version = "0.4.14"
source = "registry+https://github.com/rust-lang/crates.io-index"
checksum = "51b9bbe6c47d51fc3e1a9b945965946b4c44142ab8792c50835a980d362c2710"
dependencies = [
 "cfg-if",
]

[[package]]
name = "mach"
version = "0.3.2"
source = "registry+https://github.com/rust-lang/crates.io-index"
checksum = "b823e83b2affd8f40a9ee8c29dbc56404c1e34cd2710921f2801e2cf29527afa"
dependencies = [
 "libc",
]

[[package]]
name = "maybe-owned"
version = "0.3.4"
source = "registry+https://github.com/rust-lang/crates.io-index"
checksum = "4facc753ae494aeb6e3c22f839b158aebd4f9270f55cd3c79906c45476c47ab4"

[[package]]
name = "memchr"
version = "2.5.0"
source = "registry+https://github.com/rust-lang/crates.io-index"
checksum = "2dffe52ecf27772e601905b7522cb4ef790d2cc203488bbd0e2fe85fcb74566d"

[[package]]
name = "memfd"
version = "0.4.1"
source = "registry+https://github.com/rust-lang/crates.io-index"
checksum = "f6627dc657574b49d6ad27105ed671822be56e0d2547d413bfbf3e8d8fa92e7a"
dependencies = [
 "libc",
]

[[package]]
name = "memoffset"
version = "0.6.4"
source = "registry+https://github.com/rust-lang/crates.io-index"
checksum = "59accc507f1338036a0477ef61afdae33cde60840f4dfe481319ce3ad116ddf9"
dependencies = [
 "autocfg",
]

[[package]]
name = "miniz_oxide"
version = "0.5.3"
source = "registry+https://github.com/rust-lang/crates.io-index"
checksum = "6f5c75688da582b8ffc1f1799e9db273f32133c49e048f614d22ec3256773ccc"
dependencies = [
 "adler",
]

[[package]]
name = "more-asserts"
version = "0.2.1"
source = "registry+https://github.com/rust-lang/crates.io-index"
checksum = "0debeb9fcf88823ea64d64e4a815ab1643f33127d995978e099942ce38f25238"

[[package]]
name = "num_cpus"
version = "1.13.0"
source = "registry+https://github.com/rust-lang/crates.io-index"
checksum = "05499f3756671c15885fee9034446956fff3f243d6077b91e5767df161f766b3"
dependencies = [
 "hermit-abi 0.1.19",
 "libc",
]

[[package]]
name = "object"
version = "0.28.4"
source = "registry+https://github.com/rust-lang/crates.io-index"
checksum = "e42c982f2d955fac81dd7e1d0e1426a7d702acd9c98d19ab01083a6a0328c424"
dependencies = [
 "crc32fast",
 "hashbrown 0.11.2",
 "indexmap",
 "memchr",
]

[[package]]
name = "once_cell"
version = "1.12.0"
source = "registry+https://github.com/rust-lang/crates.io-index"
checksum = "7709cef83f0c1f58f666e746a08b21e0085f7440fa6a29cc194d68aac97a4225"

[[package]]
name = "opaque-debug"
version = "0.3.0"
source = "registry+https://github.com/rust-lang/crates.io-index"
checksum = "624a8340c38c1b80fd549087862da4ba43e08858af025b236e509b6649fc13d5"

[[package]]
name = "parking_lot"
version = "0.11.2"
source = "registry+https://github.com/rust-lang/crates.io-index"
checksum = "7d17b78036a60663b797adeaee46f5c9dfebb86948d1255007a1d6be0271ff99"
dependencies = [
 "instant",
 "lock_api",
 "parking_lot_core",
]

[[package]]
name = "parking_lot_core"
version = "0.8.5"
source = "registry+https://github.com/rust-lang/crates.io-index"
checksum = "d76e8e1493bcac0d2766c42737f34458f1c8c50c0d23bcb24ea953affb273216"
dependencies = [
 "cfg-if",
 "instant",
 "libc",
 "redox_syscall",
 "smallvec",
 "winapi",
]

[[package]]
name = "paste"
version = "1.0.5"
source = "registry+https://github.com/rust-lang/crates.io-index"
checksum = "acbf547ad0c65e31259204bd90935776d1c693cec2f4ff7abb7a1bbbd40dfe58"

[[package]]
name = "pin-project-lite"
version = "0.2.7"
source = "registry+https://github.com/rust-lang/crates.io-index"
checksum = "8d31d11c69a6b52a174b42bdc0c30e5e11670f90788b2c471c31c1d17d449443"

[[package]]
name = "ppv-lite86"
version = "0.2.10"
source = "registry+https://github.com/rust-lang/crates.io-index"
checksum = "ac74c624d6b2d21f425f752262f42188365d7b8ff1aff74c82e45136510a4857"

[[package]]
name = "proc-macro2"
version = "1.0.40"
source = "registry+https://github.com/rust-lang/crates.io-index"
checksum = "dd96a1e8ed2596c337f8eae5f24924ec83f5ad5ab21ea8e455d3566c69fbcaf7"
dependencies = [
 "unicode-ident",
]

[[package]]
name = "psm"
version = "0.1.13"
source = "registry+https://github.com/rust-lang/crates.io-index"
checksum = "21ff0279b4a85e576b97e4a21d13e437ebcd56612706cde5d3f0d5c9399490c0"
dependencies = [
 "cc",
]

[[package]]
name = "quick-error"
version = "1.2.3"
source = "registry+https://github.com/rust-lang/crates.io-index"
checksum = "a1d01941d82fa2ab50be1e79e6714289dd7cde78eba4c074bc5a4374f650dfe0"

[[package]]
name = "quote"
version = "1.0.9"
source = "registry+https://github.com/rust-lang/crates.io-index"
checksum = "c3d0b9745dc2debf507c8422de05d7226cc1f0644216dfdfead988f9b1ab32a7"
dependencies = [
 "proc-macro2",
]

[[package]]
name = "rand"
version = "0.8.4"
source = "registry+https://github.com/rust-lang/crates.io-index"
checksum = "2e7573632e6454cf6b99d7aac4ccca54be06da05aca2ef7423d22d27d4d4bcd8"
dependencies = [
 "libc",
 "rand_chacha",
 "rand_core",
 "rand_hc",
]

[[package]]
name = "rand_chacha"
version = "0.3.1"
source = "registry+https://github.com/rust-lang/crates.io-index"
checksum = "e6c10a63a0fa32252be49d21e7709d4d4baf8d231c2dbce1eaa8141b9b127d88"
dependencies = [
 "ppv-lite86",
 "rand_core",
]

[[package]]
name = "rand_core"
version = "0.6.3"
source = "registry+https://github.com/rust-lang/crates.io-index"
checksum = "d34f1408f55294453790c48b2f1ebbb1c5b4b7563eb1f418bcfcfdbb06ebb4e7"
dependencies = [
 "getrandom",
]

[[package]]
name = "rand_hc"
version = "0.3.1"
source = "registry+https://github.com/rust-lang/crates.io-index"
checksum = "d51e9f596de227fda2ea6c84607f5558e196eeaf43c986b724ba4fb8fdf497e7"
dependencies = [
 "rand_core",
]

[[package]]
name = "rayon"
version = "1.5.1"
source = "registry+https://github.com/rust-lang/crates.io-index"
checksum = "c06aca804d41dbc8ba42dfd964f0d01334eceb64314b9ecf7c5fad5188a06d90"
dependencies = [
 "autocfg",
 "crossbeam-deque",
 "either",
 "rayon-core",
]

[[package]]
name = "rayon-core"
version = "1.9.1"
source = "registry+https://github.com/rust-lang/crates.io-index"
checksum = "d78120e2c850279833f1dd3582f730c4ab53ed95aeaaaa862a2a5c71b1656d8e"
dependencies = [
 "crossbeam-channel",
 "crossbeam-deque",
 "crossbeam-utils",
 "lazy_static",
 "num_cpus",
]

[[package]]
name = "redox_syscall"
version = "0.2.9"
source = "registry+https://github.com/rust-lang/crates.io-index"
checksum = "5ab49abadf3f9e1c4bc499e8845e152ad87d2ad2d30371841171169e9d75feee"
dependencies = [
 "bitflags",
]

[[package]]
name = "redox_users"
version = "0.4.0"
source = "registry+https://github.com/rust-lang/crates.io-index"
checksum = "528532f3d801c87aec9def2add9ca802fe569e44a544afe633765267840abe64"
dependencies = [
 "getrandom",
 "redox_syscall",
]

[[package]]
name = "regalloc2"
version = "0.2.3"
source = "registry+https://github.com/rust-lang/crates.io-index"
checksum = "4a8d23b35d7177df3b9d31ed8a9ab4bf625c668be77a319d4f5efd4a5257701c"
dependencies = [
 "fxhash",
 "log",
 "slice-group-by",
 "smallvec",
]

[[package]]
name = "regex"
version = "1.5.4"
source = "registry+https://github.com/rust-lang/crates.io-index"
checksum = "d07a8629359eb56f1e2fb1652bb04212c072a87ba68546a04065d525673ac461"
dependencies = [
 "aho-corasick",
 "memchr",
 "regex-syntax",
]

[[package]]
name = "regex-syntax"
version = "0.6.25"
source = "registry+https://github.com/rust-lang/crates.io-index"
checksum = "f497285884f3fcff424ffc933e56d7cbca511def0c9831a7f9b5f6153e3cc89b"

[[package]]
name = "region"
version = "2.2.0"
source = "registry+https://github.com/rust-lang/crates.io-index"
checksum = "877e54ea2adcd70d80e9179344c97f93ef0dffd6b03e1f4529e6e83ab2fa9ae0"
dependencies = [
 "bitflags",
 "libc",
 "mach",
 "winapi",
]

[[package]]
name = "rustc-demangle"
version = "0.1.20"
source = "registry+https://github.com/rust-lang/crates.io-index"
checksum = "dead70b0b5e03e9c814bcb6b01e03e68f7c57a80aa48c72ec92152ab3e818d49"

[[package]]
name = "rustix"
version = "0.33.7"
source = "registry+https://github.com/rust-lang/crates.io-index"
checksum = "938a344304321a9da4973b9ff4f9f8db9caf4597dfd9dda6a60b523340a0fff0"
dependencies = [
 "bitflags",
 "errno",
 "io-lifetimes",
 "itoa",
 "libc",
 "linux-raw-sys",
 "once_cell",
 "winapi",
]

[[package]]
name = "ryu"
version = "1.0.10"
source = "registry+https://github.com/rust-lang/crates.io-index"
checksum = "f3f6f92acf49d1b98f7a81226834412ada05458b7364277387724a237f062695"

[[package]]
name = "scopeguard"
version = "1.1.0"
source = "registry+https://github.com/rust-lang/crates.io-index"
checksum = "d29ab0c6d3fc0ee92fe66e2d99f700eab17a8d57d1c1d3b748380fb20baa78cd"

[[package]]
name = "serde"
version = "1.0.126"
source = "registry+https://github.com/rust-lang/crates.io-index"
checksum = "ec7505abeacaec74ae4778d9d9328fe5a5d04253220a85c4ee022239fc996d03"
dependencies = [
 "serde_derive",
]

[[package]]
name = "serde_derive"
version = "1.0.126"
source = "registry+https://github.com/rust-lang/crates.io-index"
checksum = "963a7dbc9895aeac7ac90e74f34a5d5261828f79df35cbed41e10189d3804d43"
dependencies = [
 "proc-macro2",
 "quote",
 "syn",
]

[[package]]
name = "serde_json"
version = "1.0.82"
source = "registry+https://github.com/rust-lang/crates.io-index"
checksum = "82c2c1fdcd807d1098552c5b9a36e425e42e9fbd7c6a37a8425f390f781f7fa7"
dependencies = [
 "itoa",
 "ryu",
 "serde",
]

[[package]]
name = "sha2"
version = "0.9.5"
source = "registry+https://github.com/rust-lang/crates.io-index"
checksum = "b362ae5752fd2137731f9fa25fd4d9058af34666ca1966fb969119cc35719f12"
dependencies = [
 "block-buffer",
 "cfg-if",
 "cpufeatures",
 "digest",
 "opaque-debug",
]

[[package]]
name = "shellexpand"
version = "2.1.0"
source = "registry+https://github.com/rust-lang/crates.io-index"
checksum = "83bdb7831b2d85ddf4a7b148aa19d0587eddbe8671a436b7bd1182eaad0f2829"
dependencies = [
 "dirs-next",
]

[[package]]
name = "slice-group-by"
version = "0.3.0"
source = "registry+https://github.com/rust-lang/crates.io-index"
checksum = "03b634d87b960ab1a38c4fe143b508576f075e7c978bfad18217645ebfdfa2ec"

[[package]]
name = "smallvec"
version = "1.6.1"
source = "registry+https://github.com/rust-lang/crates.io-index"
checksum = "fe0f37c9e8f3c5a4a66ad655a93c74daac4ad00c441533bf5c6e7990bb42604e"

[[package]]
name = "stable_deref_trait"
version = "1.2.0"
source = "registry+https://github.com/rust-lang/crates.io-index"
checksum = "a8f112729512f8e442d81f95a8a7ddf2b7c6b8a1a6f509a95864142b30cab2d3"

[[package]]
name = "syn"
version = "1.0.98"
source = "registry+https://github.com/rust-lang/crates.io-index"
checksum = "c50aef8a904de4c23c788f104b7dddc7d6f79c647c7c8ce4cc8f73eb0ca773dd"
dependencies = [
 "proc-macro2",
 "quote",
 "unicode-ident",
]

[[package]]
name = "system-interface"
version = "0.20.0"
source = "registry+https://github.com/rust-lang/crates.io-index"
checksum = "1e09bb3fb4e02ec4b87e182ea9718fadbc0fa3e50085b40a9af9690572b67f9e"
dependencies = [
 "atty",
 "bitflags",
 "cap-fs-ext",
 "cap-std",
 "io-lifetimes",
 "rustix",
 "winapi",
 "winx",
]

[[package]]
name = "target-lexicon"
version = "0.12.4"
source = "registry+https://github.com/rust-lang/crates.io-index"
checksum = "c02424087780c9b71cc96799eaeddff35af2bc513278cda5c99fc1f5d026d3c1"

[[package]]
name = "termcolor"
version = "1.1.2"
source = "registry+https://github.com/rust-lang/crates.io-index"
checksum = "2dfed899f0eb03f32ee8c6a0aabdb8a7949659e3466561fc0adf54e26d88c5f4"
dependencies = [
 "winapi-util",
]

[[package]]
name = "thiserror"
version = "1.0.25"
source = "registry+https://github.com/rust-lang/crates.io-index"
checksum = "fa6f76457f59514c7eeb4e59d891395fab0b2fd1d40723ae737d64153392e9c6"
dependencies = [
 "thiserror-impl",
]

[[package]]
name = "thiserror-impl"
version = "1.0.25"
source = "registry+https://github.com/rust-lang/crates.io-index"
checksum = "8a36768c0fbf1bb15eca10defa29526bda730a2376c2ab4393ccfa16fb1a318d"
dependencies = [
 "proc-macro2",
 "quote",
 "syn",
]

[[package]]
name = "toml"
version = "0.5.8"
source = "registry+https://github.com/rust-lang/crates.io-index"
checksum = "a31142970826733df8241ef35dc040ef98c679ab14d7c3e54d827099b3acecaa"
dependencies = [
 "serde",
]

[[package]]
name = "tracing"
version = "0.1.26"
source = "registry+https://github.com/rust-lang/crates.io-index"
checksum = "09adeb8c97449311ccd28a427f96fb563e7fd31aabf994189879d9da2394b89d"
dependencies = [
 "cfg-if",
 "log",
 "pin-project-lite",
 "tracing-attributes",
 "tracing-core",
]

[[package]]
name = "tracing-attributes"
version = "0.1.15"
source = "registry+https://github.com/rust-lang/crates.io-index"
checksum = "c42e6fa53307c8a17e4ccd4dc81cf5ec38db9209f59b222210375b54ee40d1e2"
dependencies = [
 "proc-macro2",
 "quote",
 "syn",
]

[[package]]
name = "tracing-core"
version = "0.1.18"
source = "registry+https://github.com/rust-lang/crates.io-index"
checksum = "a9ff14f98b1a4b289c6248a023c1c2fa1491062964e9fed67ab29c4e4da4a052"
dependencies = [
 "lazy_static",
]

[[package]]
name = "typenum"
version = "1.13.0"
source = "registry+https://github.com/rust-lang/crates.io-index"
checksum = "879f6906492a7cd215bfa4cf595b600146ccfac0c79bcbd1f3000162af5e8b06"

[[package]]
name = "unicode-ident"
version = "1.0.1"
source = "registry+https://github.com/rust-lang/crates.io-index"
checksum = "5bd2fe26506023ed7b5e1e315add59d6f584c621d037f9368fea9cfb988f368c"

[[package]]
name = "unicode-width"
version = "0.1.9"
source = "registry+https://github.com/rust-lang/crates.io-index"
checksum = "3ed742d4ea2bd1176e236172c8429aaf54486e7ac098db29ffe6529e0ce50973"

[[package]]
name = "version_check"
version = "0.9.3"
source = "registry+https://github.com/rust-lang/crates.io-index"
checksum = "5fecdca9a5291cc2b8dcf7dc02453fee791a280f3743cb0905f8822ae463b3fe"

[[package]]
name = "wapc"
version = "1.0.0"
source = "registry+https://github.com/rust-lang/crates.io-index"
checksum = "924d892db9de6ecf605ad99b15ea85eaecd9ff8ac32a829d4d9b61987b716eb9"
dependencies = [
 "log",
 "parking_lot",
 "thiserror",
]

[[package]]
name = "wapc-host"
version = "0.1.0"
dependencies = [
 "serde",
 "serde_json",
 "wapc",
 "wasmtime-provider",
 "whoami",
]

[[package]]
name = "wasi"
version = "0.10.2+wasi-snapshot-preview1"
source = "registry+https://github.com/rust-lang/crates.io-index"
checksum = "fd6fbd9a79829dd1ad0cc20627bf1ed606756a7f77edff7b66b7064f9cb327c6"

[[package]]
name = "wasi-cap-std-sync"
version = "0.38.1"
source = "registry+https://github.com/rust-lang/crates.io-index"
checksum = "c1c4e73ed64b92ae87b416f4274b3c827180b02b67f835f66a86fc4267b77349"
dependencies = [
 "anyhow",
 "async-trait",
 "cap-fs-ext",
 "cap-rand",
 "cap-std",
 "cap-time-ext",
 "fs-set-times",
 "io-extras",
 "io-lifetimes",
 "is-terminal",
 "lazy_static",
 "rustix",
 "system-interface",
 "tracing",
 "wasi-common",
 "winapi",
]

[[package]]
name = "wasi-common"
version = "0.38.1"
source = "registry+https://github.com/rust-lang/crates.io-index"
checksum = "cc983eb93607a61f64152ec8728bf453f4dfdf22e7ab1784faac3297fe9a035e"
dependencies = [
 "anyhow",
 "bitflags",
 "cap-rand",
 "cap-std",
 "io-extras",
 "rustix",
 "thiserror",
 "tracing",
 "wiggle",
 "winapi",
]

[[package]]
name = "wasm-bindgen"
version = "0.2.81"
source = "registry+https://github.com/rust-lang/crates.io-index"
checksum = "7c53b543413a17a202f4be280a7e5c62a1c69345f5de525ee64f8cfdbc954994"
dependencies = [
 "cfg-if",
 "wasm-bindgen-macro",
]

[[package]]
name = "wasm-bindgen-backend"
version = "0.2.81"
source = "registry+https://github.com/rust-lang/crates.io-index"
checksum = "5491a68ab4500fa6b4d726bd67408630c3dbe9c4fe7bda16d5c82a1fd8c7340a"
dependencies = [
 "bumpalo",
 "lazy_static",
 "log",
 "proc-macro2",
 "quote",
 "syn",
 "wasm-bindgen-shared",
]

[[package]]
name = "wasm-bindgen-macro"
version = "0.2.81"
source = "registry+https://github.com/rust-lang/crates.io-index"
checksum = "c441e177922bc58f1e12c022624b6216378e5febc2f0533e41ba443d505b80aa"
dependencies = [
 "quote",
 "wasm-bindgen-macro-support",
]

[[package]]
name = "wasm-bindgen-macro-support"
version = "0.2.81"
source = "registry+https://github.com/rust-lang/crates.io-index"
checksum = "7d94ac45fcf608c1f45ef53e748d35660f168490c10b23704c7779ab8f5c3048"
dependencies = [
 "proc-macro2",
 "quote",
 "syn",
 "wasm-bindgen-backend",
 "wasm-bindgen-shared",
]

[[package]]
name = "wasm-bindgen-shared"
version = "0.2.81"
source = "registry+https://github.com/rust-lang/crates.io-index"
checksum = "6a89911bd99e5f3659ec4acf9c4d93b0a90fe4a2a11f15328472058edc5261be"

[[package]]
name = "wasm-encoder"
version = "0.13.0"
source = "registry+https://github.com/rust-lang/crates.io-index"
checksum = "31f0c17267a5ffd6ae3d897589460e21db1673c84fb7016b909c9691369a75ea"
dependencies = [
 "leb128",
]

[[package]]
name = "wasmparser"
version = "0.85.0"
source = "registry+https://github.com/rust-lang/crates.io-index"
checksum = "570460c58b21e9150d2df0eaaedbb7816c34bcec009ae0dcc976e40ba81463e7"
dependencies = [
 "indexmap",
]

[[package]]
name = "wasmtime"
version = "0.38.1"
source = "registry+https://github.com/rust-lang/crates.io-index"
checksum = "e76e2b2833bb0ece666ccdbed7b71b617d447da11f1bb61f4f2bab2648f745ee"
dependencies = [
 "anyhow",
 "async-trait",
 "backtrace",
 "bincode",
 "cfg-if",
 "indexmap",
 "lazy_static",
 "libc",
 "log",
 "object",
 "once_cell",
 "paste",
 "psm",
 "rayon",
 "region",
 "serde",
 "target-lexicon",
 "wasmparser",
 "wasmtime-cache",
 "wasmtime-cranelift",
 "wasmtime-environ",
 "wasmtime-fiber",
 "wasmtime-jit",
 "wasmtime-runtime",
 "wat",
 "winapi",
]

[[package]]
name = "wasmtime-cache"
version = "0.38.1"
source = "registry+https://github.com/rust-lang/crates.io-index"
checksum = "743a9f142d93318262d7e1fe329394ff2e8f86a1df45ae5e4f0eedba215ca5ce"
dependencies = [
 "anyhow",
 "base64",
 "bincode",
 "directories-next",
 "file-per-thread-logger",
 "log",
 "rustix",
 "serde",
 "sha2",
 "toml",
 "winapi",
 "zstd",
]

[[package]]
name = "wasmtime-cranelift"
version = "0.38.1"
source = "registry+https://github.com/rust-lang/crates.io-index"
checksum = "5dc0f80afa1ce97083a7168e6b6948d015d6237369e9f4a511d38c9c4ac8fbb9"
dependencies = [
 "anyhow",
 "cranelift-codegen",
 "cranelift-entity",
 "cranelift-frontend",
 "cranelift-native",
 "cranelift-wasm",
 "gimli",
 "log",
 "more-asserts",
 "object",
 "target-lexicon",
 "thiserror",
 "wasmparser",
 "wasmtime-environ",
]

[[package]]
name = "wasmtime-environ"
version = "0.38.1"
source = "registry+https://github.com/rust-lang/crates.io-index"
checksum = "0816d9365196f1f447060087e0f87239ccded830bd54970a1168b0c9c8e824c9"
dependencies = [
 "anyhow",
 "cranelift-entity",
 "gimli",
 "indexmap",
 "log",
 "more-asserts",
 "object",
 "serde",
 "target-lexicon",
 "thiserror",
 "wasmparser",
 "wasmtime-types",
]

[[package]]
name = "wasmtime-fiber"
version = "0.38.1"
source = "registry+https://github.com/rust-lang/crates.io-index"
checksum = "715afdb87a3bcf1eae3f098c742d650fb783abdb8a7ca87076ea1cabecabea5d"
dependencies = [
 "cc",
 "rustix",
 "winapi",
]

[[package]]
name = "wasmtime-jit"
version = "0.38.1"
source = "registry+https://github.com/rust-lang/crates.io-index"
checksum = "5c687f33cfa0f89ec1646929d0ff102087052cf9f0d15533de56526b0da0d1b3"
dependencies = [
 "addr2line",
 "anyhow",
 "bincode",
 "cfg-if",
 "cpp_demangle",
 "gimli",
 "ittapi-rs",
 "log",
 "object",
 "region",
 "rustc-demangle",
 "rustix",
 "serde",
 "target-lexicon",
 "thiserror",
 "wasmtime-environ",
 "wasmtime-jit-debug",
 "wasmtime-runtime",
 "winapi",
]

[[package]]
name = "wasmtime-jit-debug"
version = "0.38.1"
source = "registry+https://github.com/rust-lang/crates.io-index"
checksum = "b252d1d025f94f3954ba2111f12f3a22826a0764a11c150c2d46623115a69e27"
dependencies = [
 "lazy_static",
 "object",
 "rustix",
]

[[package]]
name = "wasmtime-provider"
version = "1.0.1"
source = "registry+https://github.com/rust-lang/crates.io-index"
checksum = "dfbd3e52a0d785fd48e0a364818c1c9a5a7f604a86dd862e6cb93147596e3054"
dependencies = [
 "cfg-if",
 "log",
 "parking_lot",
 "thiserror",
 "wapc",
 "wasi-cap-std-sync",
 "wasi-common",
 "wasmtime",
 "wasmtime-wasi",
]

[[package]]
name = "wasmtime-runtime"
version = "0.38.1"
source = "registry+https://github.com/rust-lang/crates.io-index"
checksum = "ace251693103c9facbbd7df87a29a75e68016e48bc83c09133f2fda6b575e0ab"
dependencies = [
 "anyhow",
 "backtrace",
 "cc",
 "cfg-if",
 "indexmap",
 "libc",
 "log",
 "mach",
 "memfd",
 "memoffset",
 "more-asserts",
 "rand",
 "region",
 "rustix",
 "thiserror",
 "wasmtime-environ",
 "wasmtime-fiber",
 "wasmtime-jit-debug",
 "winapi",
]

[[package]]
name = "wasmtime-types"
version = "0.38.1"
source = "registry+https://github.com/rust-lang/crates.io-index"
checksum = "d129b0487a95986692af8708ffde9c50b0568dcefd79200941d475713b4f40bb"
dependencies = [
 "cranelift-entity",
 "serde",
 "thiserror",
 "wasmparser",
]

[[package]]
name = "wasmtime-wasi"
version = "0.38.1"
source = "registry+https://github.com/rust-lang/crates.io-index"
checksum = "fb49791530b3a3375897a6d5a8bfa9914101ef8a672d01c951e70b46fd953c15"
dependencies = [
 "anyhow",
 "wasi-cap-std-sync",
 "wasi-common",
 "wasmtime",
 "wiggle",
]

[[package]]
name = "wast"
version = "35.0.2"
source = "registry+https://github.com/rust-lang/crates.io-index"
checksum = "2ef140f1b49946586078353a453a1d28ba90adfc54dde75710bc1931de204d68"
dependencies = [
 "leb128",
]

[[package]]
name = "wast"
version = "42.0.0"
source = "registry+https://github.com/rust-lang/crates.io-index"
checksum = "badcb03f976f983ff0daf294da9697be659442f61e6b0942bb37a2b6cbfe9dd4"
dependencies = [
 "leb128",
 "memchr",
 "unicode-width",
 "wasm-encoder",
]

[[package]]
name = "wat"
version = "1.0.44"
source = "registry+https://github.com/rust-lang/crates.io-index"
checksum = "b92f20b742ac527066c8414bc0637352661b68cab07ef42586cefaba71c965cf"
dependencies = [
 "wast 42.0.0",
]

[[package]]
name = "web-sys"
version = "0.3.58"
source = "registry+https://github.com/rust-lang/crates.io-index"
checksum = "2fed94beee57daf8dd7d51f2b15dc2bcde92d7a72304cdf662a4371008b71b90"
dependencies = [
 "js-sys",
 "wasm-bindgen",
]

[[package]]
name = "whoami"
version = "1.2.1"
source = "registry+https://github.com/rust-lang/crates.io-index"
checksum = "524b58fa5a20a2fb3014dd6358b70e6579692a56ef6fce928834e488f42f65e8"
dependencies = [
 "wasm-bindgen",
 "web-sys",
]

[[package]]
name = "wiggle"
version = "0.38.1"
source = "registry+https://github.com/rust-lang/crates.io-index"
checksum = "91c38020359fabec5e5ce5a3f667af72e9a203bc6fe8caeb8931d3a870754d9d"
dependencies = [
 "anyhow",
 "async-trait",
 "bitflags",
 "thiserror",
 "tracing",
 "wasmtime",
 "wiggle-macro",
]

[[package]]
name = "wiggle-generate"
version = "0.38.1"
source = "registry+https://github.com/rust-lang/crates.io-index"
checksum = "adc4e4420b496b04920ae3e41424029aba95c15a5e2e2b4012d14ec83770a3ef"
dependencies = [
 "anyhow",
 "heck",
 "proc-macro2",
 "quote",
 "shellexpand",
 "syn",
 "witx",
]

[[package]]
name = "wiggle-macro"
version = "0.38.1"
source = "registry+https://github.com/rust-lang/crates.io-index"
checksum = "2e541a0be1f2c4d53471d8a9df81c2d8725a3f023d8259f555c65b03d515aaab"
dependencies = [
 "proc-macro2",
 "quote",
 "syn",
 "wiggle-generate",
]

[[package]]
name = "winapi"
version = "0.3.9"
source = "registry+https://github.com/rust-lang/crates.io-index"
checksum = "5c839a674fcd7a98952e593242ea400abe93992746761e38641405d28b00f419"
dependencies = [
 "winapi-i686-pc-windows-gnu",
 "winapi-x86_64-pc-windows-gnu",
]

[[package]]
name = "winapi-i686-pc-windows-gnu"
version = "0.4.0"
source = "registry+https://github.com/rust-lang/crates.io-index"
checksum = "ac3b87c63620426dd9b991e5ce0329eff545bccbbb34f3be09ff6fb6ab51b7b6"

[[package]]
name = "winapi-util"
version = "0.1.5"
source = "registry+https://github.com/rust-lang/crates.io-index"
checksum = "70ec6ce85bb158151cae5e5c87f95a8e97d2c0c4b001223f33a334e3ce5de178"
dependencies = [
 "winapi",
]

[[package]]
name = "winapi-x86_64-pc-windows-gnu"
version = "0.4.0"
source = "registry+https://github.com/rust-lang/crates.io-index"
checksum = "712e227841d057c1ee1cd2fb22fa7e5a5461ae8e48fa2ca79ec42cfc1931183f"

[[package]]
name = "winx"
version = "0.31.0"
source = "registry+https://github.com/rust-lang/crates.io-index"
checksum = "08d5973cb8cd94a77d03ad7e23bbe14889cb29805da1cec0e4aff75e21aebded"
dependencies = [
 "bitflags",
 "io-lifetimes",
 "winapi",
]

[[package]]
name = "witx"
version = "0.9.1"
source = "registry+https://github.com/rust-lang/crates.io-index"
checksum = "e366f27a5cabcddb2706a78296a40b8fcc451e1a6aba2fc1d94b4a01bdaaef4b"
dependencies = [
 "anyhow",
 "log",
 "thiserror",
 "wast 35.0.2",
]

[[package]]
name = "zstd"
version = "0.11.2+zstd.1.5.2"
source = "registry+https://github.com/rust-lang/crates.io-index"
checksum = "20cc960326ece64f010d2d2107537f26dc589a6573a316bd5b1dba685fa5fde4"
dependencies = [
 "zstd-safe",
]

[[package]]
name = "zstd-safe"
version = "5.0.2+zstd.1.5.2"
source = "registry+https://github.com/rust-lang/crates.io-index"
checksum = "1d2a5585e04f9eea4b2a3d1eca508c4dee9592a89ef6f450c11719da0726f4db"
dependencies = [
 "libc",
 "zstd-sys",
]

[[package]]
name = "zstd-sys"
version = "2.0.1+zstd.1.5.2"
source = "registry+https://github.com/rust-lang/crates.io-index"
checksum = "9fd07cbbc53846d9145dbffdf6dd09a7a0aa52be46741825f5c97bdd4f73f12b"
dependencies = [
 "cc",
 "libc",
]
